
Microsoft Visual Studio Solution File, Format Version 12.00
# Visual Studio 15
VisualStudioVersion = 15.0.27428.2037
MinimumVisualStudioVersion = 10.0.40219.1
Project("{888888A0-9F3D-457C-B088-3A5042F75D52}") = "FlaskWebProject1", "FlaskWebProject1\FlaskWebProject1.pyproj", "{E2AA1D1E-5A43-49A3-94D6-E49A45914E06}"
EndProject
Project("{888888A0-9F3D-457C-B088-3A5042F75D52}") = "PythonApplication1", "PythonApplication1\PythonApplication1.pyproj", "{CF7314D9-8F0B-47A3-AAC8-3E93934F8A10}"
EndProject
Global
	GlobalSection(SolutionConfigurationPlatforms) = preSolution
		Debug|Any CPU = Debug|Any CPU
		Release|Any CPU = Release|Any CPU
	EndGlobalSection
	GlobalSection(ProjectConfigurationPlatforms) = postSolution
		{E2AA1D1E-5A43-49A3-94D6-E49A45914E06}.Debug|Any CPU.ActiveCfg = Debug|Any CPU
		{E2AA1D1E-5A43-49A3-94D6-E49A45914E06}.Debug|Any CPU.Build.0 = Debug|Any CPU
		{E2AA1D1E-5A43-49A3-94D6-E49A45914E06}.Release|Any CPU.ActiveCfg = Release|Any CPU
		{E2AA1D1E-5A43-49A3-94D6-E49A45914E06}.Release|Any CPU.Build.0 = Release|Any CPU
		{CF7314D9-8F0B-47A3-AAC8-3E93934F8A10}.Debug|Any CPU.ActiveCfg = Debug|Any CPU
		{CF7314D9-8F0B-47A3-AAC8-3E93934F8A10}.Release|Any CPU.ActiveCfg = Release|Any CPU
	EndGlobalSection
	GlobalSection(SolutionProperties) = preSolution
		HideSolutionNode = FALSE
	EndGlobalSection
	GlobalSection(ExtensibilityGlobals) = postSolution
		SolutionGuid = {384004EA-3F0A-41B6-8C1B-68E628C0416D}
	EndGlobalSection
EndGlobal
